
Microsoft Visual Studio Solution File, Format Version 12.00
# Visual Studio Version 17
VisualStudioVersion = 17.5.002.0
MinimumVisualStudioVersion = 10.0.40219.1
Project("{9A19103F-16F7-4668-BE54-9A1E7A4F7556}") = "World of Zuul", "World of Zuul.csproj", "{0F81F0FF-1100-46BD-908E-8117E1ADEA26}"
EndProject
Global
	GlobalSection(SolutionConfigurationPlatforms) = preSolution
		Debug|Any CPU = Debug|Any CPU
		Release|Any CPU = Release|Any CPU
	EndGlobalSection
	GlobalSection(ProjectConfigurationPlatforms) = postSolution
		{0F81F0FF-1100-46BD-908E-8117E1ADEA26}.Debug|Any CPU.ActiveCfg = Debug|Any CPU
		{0F81F0FF-1100-46BD-908E-8117E1ADEA26}.Debug|Any CPU.Build.0 = Debug|Any CPU
		{0F81F0FF-1100-46BD-908E-8117E1ADEA26}.Release|Any CPU.ActiveCfg = Release|Any CPU
		{0F81F0FF-1100-46BD-908E-8117E1ADEA26}.Release|Any CPU.Build.0 = Release|Any CPU
	EndGlobalSection
	GlobalSection(SolutionProperties) = preSolution
		HideSolutionNode = FALSE
	EndGlobalSection
	GlobalSection(ExtensibilityGlobals) = postSolution
		SolutionGuid = {A5D4F2A9-9AA2-4F7E-97AE-85EC25EEE690}
	EndGlobalSection
EndGlobal
